<?xml version="1.0" encoding="utf-8"?>
<Project ToolsVersion="4.0" xmlns="http://schemas.microsoft.com/developer/msbuild/2003">
  <ItemGroup>
    <Filter Include="KEnyin">
      <UniqueIdentifier>{13E9F0BB-FF8A-1B92-E845-2FE6D486A2E2}</UniqueIdentifier>
    </Filter>
  </ItemGroup>
  <ItemGroup>
    <ClInclude Include="src\KEnyin.hpp" />
    <ClInclude Include="src\KEnyin\Application.hpp">
      <Filter>KEnyin</Filter>
    </ClInclude>
    <ClInclude Include="src\KEnyin\Base.hpp">
      <Filter>KEnyin</Filter>
    </ClInclude>
    <ClInclude Include="src\KEnyin\EntryPoint.hpp">
      <Filter>KEnyin</Filter>
    </ClInclude>
  </ItemGroup>
  <ItemGroup>
    <ClCompile Include="src\KEnyin\Application.cpp">
      <Filter>KEnyin</Filter>
    </ClCompile>
  </ItemGroup>
</Project>